{
  "name": "notes_app",
  "lockfileVersion": 2,
  "requires": true,
  "packages": {
    "": {
      "dependencies": {
        "marked": "^4.0.5"
      }
    },
    "node_modules/marked": {
      "version": "4.0.5",
      "resolved": "https://registry.npmjs.org/marked/-/marked-4.0.5.tgz",
      "integrity": "sha512-eUToMA5d5lunnipkCN7zFD0RiunCF2Uo6bImEt/Qx8LZMW7oPXTw7R+f+M5V3eS7164HjEDPfW8/TrefuFhDfw==",
      "bin": {
        "marked": "bin/marked.js"
      },
      "engines": {
        "node": ">= 12"
      }
    }
  },
  "dependencies": {
    "marked": {
      "version": "4.0.5",
      "resolved": "https://registry.npmjs.org/marked/-/marked-4.0.5.tgz",
      "integrity": "sha512-eUToMA5d5lunnipkCN7zFD0RiunCF2Uo6bImEt/Qx8LZMW7oPXTw7R+f+M5V3eS7164HjEDPfW8/TrefuFhDfw=="
    }
  }
}
